
Microsoft Visual Studio Solution File, Format Version 12.00
# Visual Studio Version 17
VisualStudioVersion = 17.6.33829.357
MinimumVisualStudioVersion = 10.0.40219.1
Project("{8BC9CEB8-8B4A-11D0-8D11-00A0C91BC942}") = "Ex01_HelloWorld", "Ex01_HelloWorld\Ex01_HelloWorld.vcxproj", "{DCCFBA3E-DF8F-4F00-A5BF-AF56712EDE8C}"
EndProject
Global
	GlobalSection(SolutionConfigurationPlatforms) = preSolution
		Debug|x64 = Debug|x64
		Debug|x86 = Debug|x86
		Release|x64 = Release|x64
		Release|x86 = Release|x86
	EndGlobalSection
	GlobalSection(ProjectConfigurationPlatforms) = postSolution
		{DCCFBA3E-DF8F-4F00-A5BF-AF56712EDE8C}.Debug|x64.ActiveCfg = Debug|x64
		{DCCFBA3E-DF8F-4F00-A5BF-AF56712EDE8C}.Debug|x64.Build.0 = Debug|x64
		{DCCFBA3E-DF8F-4F00-A5BF-AF56712EDE8C}.Debug|x86.ActiveCfg = Debug|Win32
		{DCCFBA3E-DF8F-4F00-A5BF-AF56712EDE8C}.Debug|x86.Build.0 = Debug|Win32
		{DCCFBA3E-DF8F-4F00-A5BF-AF56712EDE8C}.Release|x64.ActiveCfg = Release|x64
		{DCCFBA3E-DF8F-4F00-A5BF-AF56712EDE8C}.Release|x64.Build.0 = Release|x64
		{DCCFBA3E-DF8F-4F00-A5BF-AF56712EDE8C}.Release|x86.ActiveCfg = Release|Win32
		{DCCFBA3E-DF8F-4F00-A5BF-AF56712EDE8C}.Release|x86.Build.0 = Release|Win32
	EndGlobalSection
	GlobalSection(SolutionProperties) = preSolution
		HideSolutionNode = FALSE
	EndGlobalSection
	GlobalSection(ExtensibilityGlobals) = postSolution
		SolutionGuid = {9A4FD60D-CC0A-493E-8F72-E0200E3D8CA5}
	EndGlobalSection
EndGlobal
