
Microsoft Visual Studio Solution File, Format Version 12.00
# Visual Studio Version 17
VisualStudioVersion = 17.6.33829.357
MinimumVisualStudioVersion = 10.0.40219.1
Project("{8BC9CEB8-8B4A-11D0-8D11-00A0C91BC942}") = "Ex01_HelloWorld", "Ex01_HelloWorld\Ex01_HelloWorld.vcxproj", "{DCCFBA3E-DF8F-4F00-A5BF-AF56712EDE8C}"
EndProject
Project("{8BC9CEB8-8B4A-11D0-8D11-00A0C91BC942}") = "Ex02_DataTypes", "Ex02_DataTypes\Ex02_DataTypes.vcxproj", "{807F07FB-4D93-4940-951F-C4D7F72A091E}"
EndProject
Project("{8BC9CEB8-8B4A-11D0-8D11-00A0C91BC942}") = "Ex03_Array", "Ex03_Array\Ex03_Array.vcxproj", "{196218D5-9AA7-49F8-B0E4-4E70095BFD5A}"
EndProject
Project("{8BC9CEB8-8B4A-11D0-8D11-00A0C91BC942}") = "Ex04_InputOutput", "Ex04_InputOutput\Ex04_InputOutput.vcxproj", "{D5F36AA5-2F17-459F-BE54-260675B13A79}"
EndProject
Project("{8BC9CEB8-8B4A-11D0-8D11-00A0C91BC942}") = "Ex05_Branching", "Ex05_Branching\Ex05_Branching.vcxproj", "{B9431AED-CB46-4155-9215-1D7BDB996E3E}"
EndProject
Project("{8BC9CEB8-8B4A-11D0-8D11-00A0C91BC942}") = "Ex06_Iteration", "Ex06_Iteration\Ex06_Iteration.vcxproj", "{3F22865E-0D54-4054-887C-868ADB15CCE6}"
EndProject
Project("{8BC9CEB8-8B4A-11D0-8D11-00A0C91BC942}") = "Ex07_NumberGuess", "Ex07_NumberGuess\Ex07_NumberGuess.vcxproj", "{956FEC8C-370D-4D91-8BCE-CFFE84E41720}"
EndProject
Project("{8BC9CEB8-8B4A-11D0-8D11-00A0C91BC942}") = "Ex08_Pointer", "Ex08_Pointer\Ex08_Pointer.vcxproj", "{B0E090A5-5FC8-429E-9DFF-935A7816F7A8}"
EndProject
Project("{8BC9CEB8-8B4A-11D0-8D11-00A0C91BC942}") = "Ex09_Function", "Ex09_Function\Ex09_Function.vcxproj", "{3B236A4D-4921-4917-9BBA-8D1C1EE54E85}"
EndProject
Project("{8BC9CEB8-8B4A-11D0-8D11-00A0C91BC942}") = "Ex10_StringMatching", "Ex10_StringMatching\Ex10_StringMatching.vcxproj", "{6FB223F9-93B1-40EB-9BBD-469F121F02D9}"
EndProject
Project("{8BC9CEB8-8B4A-11D0-8D11-00A0C91BC942}") = "Ex11_DynamicAllocation", "Ex11_DynamicAllocation\Ex11_DynamicAllocation.vcxproj", "{45729F68-5E94-4958-A263-C16890FD947C}"
EndProject
Project("{8BC9CEB8-8B4A-11D0-8D11-00A0C91BC942}") = "Ex12_Structure", "Ex12_Structure\Ex12_Structure.vcxproj", "{168229F6-8E2A-412B-92CE-A60C972D47CA}"
EndProject
Project("{8BC9CEB8-8B4A-11D0-8D11-00A0C91BC942}") = "Ex13_Class", "Ex13_Class\Ex13_Class.vcxproj", "{5641B66B-FC76-4D92-B899-BE8D5A7A01F5}"
EndProject
Project("{8BC9CEB8-8B4A-11D0-8D11-00A0C91BC942}") = "Ex14_StringClass", "Ex14_StringClass\Ex14_StringClass.vcxproj", "{75674E94-06C3-46D1-8E73-7B71C7C70EF4}"
EndProject
Project("{8BC9CEB8-8B4A-11D0-8D11-00A0C91BC942}") = "Ex15_Header", "Ex15_Header\Ex15_Header.vcxproj", "{F0367B34-3003-443C-B355-F29454964A39}"
EndProject
Project("{8BC9CEB8-8B4A-11D0-8D11-00A0C91BC942}") = "Ex16_FileIO", "Ex16_FileIO\Ex16_FileIO.vcxproj", "{EBB78256-4804-4567-BD74-EA6B517E602C}"
EndProject
Project("{8BC9CEB8-8B4A-11D0-8D11-00A0C91BC942}") = "Ex17_PhoneBook", "Ex17_PhoneBook\Ex17_PhoneBook.vcxproj", "{F72F400F-CA7A-4970-9D7A-0D078F9AD11A}"
EndProject
Project("{8BC9CEB8-8B4A-11D0-8D11-00A0C91BC942}") = "Ex18_Template", "Ex18_Template\Ex18_Template.vcxproj", "{5BEB00B8-CBDE-496E-B918-C60B6CCB9611}"
EndProject
Global
	GlobalSection(SolutionConfigurationPlatforms) = preSolution
		Debug|x64 = Debug|x64
		Debug|x86 = Debug|x86
		Release|x64 = Release|x64
		Release|x86 = Release|x86
	EndGlobalSection
	GlobalSection(ProjectConfigurationPlatforms) = postSolution
		{DCCFBA3E-DF8F-4F00-A5BF-AF56712EDE8C}.Debug|x64.ActiveCfg = Debug|x64
		{DCCFBA3E-DF8F-4F00-A5BF-AF56712EDE8C}.Debug|x64.Build.0 = Debug|x64
		{DCCFBA3E-DF8F-4F00-A5BF-AF56712EDE8C}.Debug|x86.ActiveCfg = Debug|Win32
		{DCCFBA3E-DF8F-4F00-A5BF-AF56712EDE8C}.Debug|x86.Build.0 = Debug|Win32
		{DCCFBA3E-DF8F-4F00-A5BF-AF56712EDE8C}.Release|x64.ActiveCfg = Release|x64
		{DCCFBA3E-DF8F-4F00-A5BF-AF56712EDE8C}.Release|x64.Build.0 = Release|x64
		{DCCFBA3E-DF8F-4F00-A5BF-AF56712EDE8C}.Release|x86.ActiveCfg = Release|Win32
		{DCCFBA3E-DF8F-4F00-A5BF-AF56712EDE8C}.Release|x86.Build.0 = Release|Win32
		{807F07FB-4D93-4940-951F-C4D7F72A091E}.Debug|x64.ActiveCfg = Debug|x64
		{807F07FB-4D93-4940-951F-C4D7F72A091E}.Debug|x64.Build.0 = Debug|x64
		{807F07FB-4D93-4940-951F-C4D7F72A091E}.Debug|x86.ActiveCfg = Debug|Win32
		{807F07FB-4D93-4940-951F-C4D7F72A091E}.Debug|x86.Build.0 = Debug|Win32
		{807F07FB-4D93-4940-951F-C4D7F72A091E}.Release|x64.ActiveCfg = Release|x64
		{807F07FB-4D93-4940-951F-C4D7F72A091E}.Release|x64.Build.0 = Release|x64
		{807F07FB-4D93-4940-951F-C4D7F72A091E}.Release|x86.ActiveCfg = Release|Win32
		{807F07FB-4D93-4940-951F-C4D7F72A091E}.Release|x86.Build.0 = Release|Win32
		{196218D5-9AA7-49F8-B0E4-4E70095BFD5A}.Debug|x64.ActiveCfg = Debug|x64
		{196218D5-9AA7-49F8-B0E4-4E70095BFD5A}.Debug|x64.Build.0 = Debug|x64
		{196218D5-9AA7-49F8-B0E4-4E70095BFD5A}.Debug|x86.ActiveCfg = Debug|Win32
		{196218D5-9AA7-49F8-B0E4-4E70095BFD5A}.Debug|x86.Build.0 = Debug|Win32
		{196218D5-9AA7-49F8-B0E4-4E70095BFD5A}.Release|x64.ActiveCfg = Release|x64
		{196218D5-9AA7-49F8-B0E4-4E70095BFD5A}.Release|x64.Build.0 = Release|x64
		{196218D5-9AA7-49F8-B0E4-4E70095BFD5A}.Release|x86.ActiveCfg = Release|Win32
		{196218D5-9AA7-49F8-B0E4-4E70095BFD5A}.Release|x86.Build.0 = Release|Win32
		{D5F36AA5-2F17-459F-BE54-260675B13A79}.Debug|x64.ActiveCfg = Debug|x64
		{D5F36AA5-2F17-459F-BE54-260675B13A79}.Debug|x64.Build.0 = Debug|x64
		{D5F36AA5-2F17-459F-BE54-260675B13A79}.Debug|x86.ActiveCfg = Debug|Win32
		{D5F36AA5-2F17-459F-BE54-260675B13A79}.Debug|x86.Build.0 = Debug|Win32
		{D5F36AA5-2F17-459F-BE54-260675B13A79}.Release|x64.ActiveCfg = Release|x64
		{D5F36AA5-2F17-459F-BE54-260675B13A79}.Release|x64.Build.0 = Release|x64
		{D5F36AA5-2F17-459F-BE54-260675B13A79}.Release|x86.ActiveCfg = Release|Win32
		{D5F36AA5-2F17-459F-BE54-260675B13A79}.Release|x86.Build.0 = Release|Win32
		{B9431AED-CB46-4155-9215-1D7BDB996E3E}.Debug|x64.ActiveCfg = Debug|x64
		{B9431AED-CB46-4155-9215-1D7BDB996E3E}.Debug|x64.Build.0 = Debug|x64
		{B9431AED-CB46-4155-9215-1D7BDB996E3E}.Debug|x86.ActiveCfg = Debug|Win32
		{B9431AED-CB46-4155-9215-1D7BDB996E3E}.Debug|x86.Build.0 = Debug|Win32
		{B9431AED-CB46-4155-9215-1D7BDB996E3E}.Release|x64.ActiveCfg = Release|x64
		{B9431AED-CB46-4155-9215-1D7BDB996E3E}.Release|x64.Build.0 = Release|x64
		{B9431AED-CB46-4155-9215-1D7BDB996E3E}.Release|x86.ActiveCfg = Release|Win32
		{B9431AED-CB46-4155-9215-1D7BDB996E3E}.Release|x86.Build.0 = Release|Win32
		{3F22865E-0D54-4054-887C-868ADB15CCE6}.Debug|x64.ActiveCfg = Debug|x64
		{3F22865E-0D54-4054-887C-868ADB15CCE6}.Debug|x64.Build.0 = Debug|x64
		{3F22865E-0D54-4054-887C-868ADB15CCE6}.Debug|x86.ActiveCfg = Debug|Win32
		{3F22865E-0D54-4054-887C-868ADB15CCE6}.Debug|x86.Build.0 = Debug|Win32
		{3F22865E-0D54-4054-887C-868ADB15CCE6}.Release|x64.ActiveCfg = Release|x64
		{3F22865E-0D54-4054-887C-868ADB15CCE6}.Release|x64.Build.0 = Release|x64
		{3F22865E-0D54-4054-887C-868ADB15CCE6}.Release|x86.ActiveCfg = Release|Win32
		{3F22865E-0D54-4054-887C-868ADB15CCE6}.Release|x86.Build.0 = Release|Win32
		{956FEC8C-370D-4D91-8BCE-CFFE84E41720}.Debug|x64.ActiveCfg = Debug|x64
		{956FEC8C-370D-4D91-8BCE-CFFE84E41720}.Debug|x64.Build.0 = Debug|x64
		{956FEC8C-370D-4D91-8BCE-CFFE84E41720}.Debug|x86.ActiveCfg = Debug|Win32
		{956FEC8C-370D-4D91-8BCE-CFFE84E41720}.Debug|x86.Build.0 = Debug|Win32
		{956FEC8C-370D-4D91-8BCE-CFFE84E41720}.Release|x64.ActiveCfg = Release|x64
		{956FEC8C-370D-4D91-8BCE-CFFE84E41720}.Release|x64.Build.0 = Release|x64
		{956FEC8C-370D-4D91-8BCE-CFFE84E41720}.Release|x86.ActiveCfg = Release|Win32
		{956FEC8C-370D-4D91-8BCE-CFFE84E41720}.Release|x86.Build.0 = Release|Win32
		{B0E090A5-5FC8-429E-9DFF-935A7816F7A8}.Debug|x64.ActiveCfg = Debug|x64
		{B0E090A5-5FC8-429E-9DFF-935A7816F7A8}.Debug|x64.Build.0 = Debug|x64
		{B0E090A5-5FC8-429E-9DFF-935A7816F7A8}.Debug|x86.ActiveCfg = Debug|Win32
		{B0E090A5-5FC8-429E-9DFF-935A7816F7A8}.Debug|x86.Build.0 = Debug|Win32
		{B0E090A5-5FC8-429E-9DFF-935A7816F7A8}.Release|x64.ActiveCfg = Release|x64
		{B0E090A5-5FC8-429E-9DFF-935A7816F7A8}.Release|x64.Build.0 = Release|x64
		{B0E090A5-5FC8-429E-9DFF-935A7816F7A8}.Release|x86.ActiveCfg = Release|Win32
		{B0E090A5-5FC8-429E-9DFF-935A7816F7A8}.Release|x86.Build.0 = Release|Win32
		{3B236A4D-4921-4917-9BBA-8D1C1EE54E85}.Debug|x64.ActiveCfg = Debug|x64
		{3B236A4D-4921-4917-9BBA-8D1C1EE54E85}.Debug|x64.Build.0 = Debug|x64
		{3B236A4D-4921-4917-9BBA-8D1C1EE54E85}.Debug|x86.ActiveCfg = Debug|Win32
		{3B236A4D-4921-4917-9BBA-8D1C1EE54E85}.Debug|x86.Build.0 = Debug|Win32
		{3B236A4D-4921-4917-9BBA-8D1C1EE54E85}.Release|x64.ActiveCfg = Release|x64
		{3B236A4D-4921-4917-9BBA-8D1C1EE54E85}.Release|x64.Build.0 = Release|x64
		{3B236A4D-4921-4917-9BBA-8D1C1EE54E85}.Release|x86.ActiveCfg = Release|Win32
		{3B236A4D-4921-4917-9BBA-8D1C1EE54E85}.Release|x86.Build.0 = Release|Win32
		{6FB223F9-93B1-40EB-9BBD-469F121F02D9}.Debug|x64.ActiveCfg = Debug|x64
		{6FB223F9-93B1-40EB-9BBD-469F121F02D9}.Debug|x64.Build.0 = Debug|x64
		{6FB223F9-93B1-40EB-9BBD-469F121F02D9}.Debug|x86.ActiveCfg = Debug|Win32
		{6FB223F9-93B1-40EB-9BBD-469F121F02D9}.Debug|x86.Build.0 = Debug|Win32
		{6FB223F9-93B1-40EB-9BBD-469F121F02D9}.Release|x64.ActiveCfg = Release|x64
		{6FB223F9-93B1-40EB-9BBD-469F121F02D9}.Release|x64.Build.0 = Release|x64
		{6FB223F9-93B1-40EB-9BBD-469F121F02D9}.Release|x86.ActiveCfg = Release|Win32
		{6FB223F9-93B1-40EB-9BBD-469F121F02D9}.Release|x86.Build.0 = Release|Win32
		{45729F68-5E94-4958-A263-C16890FD947C}.Debug|x64.ActiveCfg = Debug|x64
		{45729F68-5E94-4958-A263-C16890FD947C}.Debug|x64.Build.0 = Debug|x64
		{45729F68-5E94-4958-A263-C16890FD947C}.Debug|x86.ActiveCfg = Debug|Win32
		{45729F68-5E94-4958-A263-C16890FD947C}.Debug|x86.Build.0 = Debug|Win32
		{45729F68-5E94-4958-A263-C16890FD947C}.Release|x64.ActiveCfg = Release|x64
		{45729F68-5E94-4958-A263-C16890FD947C}.Release|x64.Build.0 = Release|x64
		{45729F68-5E94-4958-A263-C16890FD947C}.Release|x86.ActiveCfg = Release|Win32
		{45729F68-5E94-4958-A263-C16890FD947C}.Release|x86.Build.0 = Release|Win32
		{168229F6-8E2A-412B-92CE-A60C972D47CA}.Debug|x64.ActiveCfg = Debug|x64
		{168229F6-8E2A-412B-92CE-A60C972D47CA}.Debug|x64.Build.0 = Debug|x64
		{168229F6-8E2A-412B-92CE-A60C972D47CA}.Debug|x86.ActiveCfg = Debug|Win32
		{168229F6-8E2A-412B-92CE-A60C972D47CA}.Debug|x86.Build.0 = Debug|Win32
		{168229F6-8E2A-412B-92CE-A60C972D47CA}.Release|x64.ActiveCfg = Release|x64
		{168229F6-8E2A-412B-92CE-A60C972D47CA}.Release|x64.Build.0 = Release|x64
		{168229F6-8E2A-412B-92CE-A60C972D47CA}.Release|x86.ActiveCfg = Release|Win32
		{168229F6-8E2A-412B-92CE-A60C972D47CA}.Release|x86.Build.0 = Release|Win32
		{5641B66B-FC76-4D92-B899-BE8D5A7A01F5}.Debug|x64.ActiveCfg = Debug|x64
		{5641B66B-FC76-4D92-B899-BE8D5A7A01F5}.Debug|x64.Build.0 = Debug|x64
		{5641B66B-FC76-4D92-B899-BE8D5A7A01F5}.Debug|x86.ActiveCfg = Debug|Win32
		{5641B66B-FC76-4D92-B899-BE8D5A7A01F5}.Debug|x86.Build.0 = Debug|Win32
		{5641B66B-FC76-4D92-B899-BE8D5A7A01F5}.Release|x64.ActiveCfg = Release|x64
		{5641B66B-FC76-4D92-B899-BE8D5A7A01F5}.Release|x64.Build.0 = Release|x64
		{5641B66B-FC76-4D92-B899-BE8D5A7A01F5}.Release|x86.ActiveCfg = Release|Win32
		{5641B66B-FC76-4D92-B899-BE8D5A7A01F5}.Release|x86.Build.0 = Release|Win32
		{75674E94-06C3-46D1-8E73-7B71C7C70EF4}.Debug|x64.ActiveCfg = Debug|x64
		{75674E94-06C3-46D1-8E73-7B71C7C70EF4}.Debug|x64.Build.0 = Debug|x64
		{75674E94-06C3-46D1-8E73-7B71C7C70EF4}.Debug|x86.ActiveCfg = Debug|Win32
		{75674E94-06C3-46D1-8E73-7B71C7C70EF4}.Debug|x86.Build.0 = Debug|Win32
		{75674E94-06C3-46D1-8E73-7B71C7C70EF4}.Release|x64.ActiveCfg = Release|x64
		{75674E94-06C3-46D1-8E73-7B71C7C70EF4}.Release|x64.Build.0 = Release|x64
		{75674E94-06C3-46D1-8E73-7B71C7C70EF4}.Release|x86.ActiveCfg = Release|Win32
		{75674E94-06C3-46D1-8E73-7B71C7C70EF4}.Release|x86.Build.0 = Release|Win32
		{F0367B34-3003-443C-B355-F29454964A39}.Debug|x64.ActiveCfg = Debug|x64
		{F0367B34-3003-443C-B355-F29454964A39}.Debug|x64.Build.0 = Debug|x64
		{F0367B34-3003-443C-B355-F29454964A39}.Debug|x86.ActiveCfg = Debug|Win32
		{F0367B34-3003-443C-B355-F29454964A39}.Debug|x86.Build.0 = Debug|Win32
		{F0367B34-3003-443C-B355-F29454964A39}.Release|x64.ActiveCfg = Release|x64
		{F0367B34-3003-443C-B355-F29454964A39}.Release|x64.Build.0 = Release|x64
		{F0367B34-3003-443C-B355-F29454964A39}.Release|x86.ActiveCfg = Release|Win32
		{F0367B34-3003-443C-B355-F29454964A39}.Release|x86.Build.0 = Release|Win32
		{EBB78256-4804-4567-BD74-EA6B517E602C}.Debug|x64.ActiveCfg = Debug|x64
		{EBB78256-4804-4567-BD74-EA6B517E602C}.Debug|x64.Build.0 = Debug|x64
		{EBB78256-4804-4567-BD74-EA6B517E602C}.Debug|x86.ActiveCfg = Debug|Win32
		{EBB78256-4804-4567-BD74-EA6B517E602C}.Debug|x86.Build.0 = Debug|Win32
		{EBB78256-4804-4567-BD74-EA6B517E602C}.Release|x64.ActiveCfg = Release|x64
		{EBB78256-4804-4567-BD74-EA6B517E602C}.Release|x64.Build.0 = Release|x64
		{EBB78256-4804-4567-BD74-EA6B517E602C}.Release|x86.ActiveCfg = Release|Win32
		{EBB78256-4804-4567-BD74-EA6B517E602C}.Release|x86.Build.0 = Release|Win32
		{F72F400F-CA7A-4970-9D7A-0D078F9AD11A}.Debug|x64.ActiveCfg = Debug|x64
		{F72F400F-CA7A-4970-9D7A-0D078F9AD11A}.Debug|x64.Build.0 = Debug|x64
		{F72F400F-CA7A-4970-9D7A-0D078F9AD11A}.Debug|x86.ActiveCfg = Debug|Win32
		{F72F400F-CA7A-4970-9D7A-0D078F9AD11A}.Debug|x86.Build.0 = Debug|Win32
		{F72F400F-CA7A-4970-9D7A-0D078F9AD11A}.Release|x64.ActiveCfg = Release|x64
		{F72F400F-CA7A-4970-9D7A-0D078F9AD11A}.Release|x64.Build.0 = Release|x64
		{F72F400F-CA7A-4970-9D7A-0D078F9AD11A}.Release|x86.ActiveCfg = Release|Win32
		{F72F400F-CA7A-4970-9D7A-0D078F9AD11A}.Release|x86.Build.0 = Release|Win32
		{5BEB00B8-CBDE-496E-B918-C60B6CCB9611}.Debug|x64.ActiveCfg = Debug|x64
		{5BEB00B8-CBDE-496E-B918-C60B6CCB9611}.Debug|x64.Build.0 = Debug|x64
		{5BEB00B8-CBDE-496E-B918-C60B6CCB9611}.Debug|x86.ActiveCfg = Debug|Win32
		{5BEB00B8-CBDE-496E-B918-C60B6CCB9611}.Debug|x86.Build.0 = Debug|Win32
		{5BEB00B8-CBDE-496E-B918-C60B6CCB9611}.Release|x64.ActiveCfg = Release|x64
		{5BEB00B8-CBDE-496E-B918-C60B6CCB9611}.Release|x64.Build.0 = Release|x64
		{5BEB00B8-CBDE-496E-B918-C60B6CCB9611}.Release|x86.ActiveCfg = Release|Win32
		{5BEB00B8-CBDE-496E-B918-C60B6CCB9611}.Release|x86.Build.0 = Release|Win32
	EndGlobalSection
	GlobalSection(SolutionProperties) = preSolution
		HideSolutionNode = FALSE
	EndGlobalSection
	GlobalSection(ExtensibilityGlobals) = postSolution
		SolutionGuid = {9A4FD60D-CC0A-493E-8F72-E0200E3D8CA5}
	EndGlobalSection
EndGlobal
